
Microsoft Visual Studio Solution File, Format Version 12.00
# Visual Studio Version 16
VisualStudioVersion = 25.0.1705.7
MinimumVisualStudioVersion = 10.0.40219.1
Project("{FAE04EC0-301F-11D3-BF4B-00C04F79EFBC}") = "COMP1202_Ass2_32", "COMP1202_Ass2_32.csproj", "{05ACEA5B-9147-4EC1-AC17-896F01FBCD56}"
EndProject
Global
	GlobalSection(SolutionConfigurationPlatforms) = preSolution
		Debug|Any CPU = Debug|Any CPU
		Release|Any CPU = Release|Any CPU
	EndGlobalSection
	GlobalSection(ProjectConfigurationPlatforms) = postSolution
		{05ACEA5B-9147-4EC1-AC17-896F01FBCD56}.Debug|Any CPU.ActiveCfg = Debug|Any CPU
		{05ACEA5B-9147-4EC1-AC17-896F01FBCD56}.Debug|Any CPU.Build.0 = Debug|Any CPU
		{05ACEA5B-9147-4EC1-AC17-896F01FBCD56}.Release|Any CPU.ActiveCfg = Release|Any CPU
		{05ACEA5B-9147-4EC1-AC17-896F01FBCD56}.Release|Any CPU.Build.0 = Release|Any CPU
	EndGlobalSection
	GlobalSection(SolutionProperties) = preSolution
		HideSolutionNode = FALSE
	EndGlobalSection
	GlobalSection(ExtensibilityGlobals) = postSolution
		SolutionGuid = {C12A1AB0-80AF-4A3C-AF36-E2479337EEBF}
	EndGlobalSection
EndGlobal
